
Microsoft Visual Studio Solution File, Format Version 12.00
# Visual Studio Version 17
VisualStudioVersion = 17.4.33110.190
MinimumVisualStudioVersion = 10.0.40219.1
Project("{9A19103F-16F7-4668-BE54-9A1E7A4F7556}") = "News", "News\News.csproj", "{D77E38AE-EFCA-4D0F-BA13-75238944E85D}"
EndProject
Project("{FAE04EC0-301F-11D3-BF4B-00C04F79EFBC}") = "News.Model", "News.Model\News.Model.csproj", "{03325300-9902-4958-86B4-0F3DBAFE8D7C}"
EndProject
Project("{FAE04EC0-301F-11D3-BF4B-00C04F79EFBC}") = "News.DAL", "News.DAL\News.DAL.csproj", "{E54E14D6-F648-41AA-8140-09C7768A7B44}"
EndProject
Project("{FAE04EC0-301F-11D3-BF4B-00C04F79EFBC}") = "News.Entities", "News.Entities\News.Entities.csproj", "{55A06FE3-A8B7-4BE5-A08B-24FFAF3086C5}"
EndProject
Project("{FAE04EC0-301F-11D3-BF4B-00C04F79EFBC}") = "News.TEST", "NewsTEST\News.TEST.csproj", "{1D6B9061-8B2A-413D-8381-6A1FCA773988}"
EndProject
Global
	GlobalSection(SolutionConfigurationPlatforms) = preSolution
		Debug|Any CPU = Debug|Any CPU
		Release|Any CPU = Release|Any CPU
	EndGlobalSection
	GlobalSection(ProjectConfigurationPlatforms) = postSolution
		{D77E38AE-EFCA-4D0F-BA13-75238944E85D}.Debug|Any CPU.ActiveCfg = Debug|Any CPU
		{D77E38AE-EFCA-4D0F-BA13-75238944E85D}.Debug|Any CPU.Build.0 = Debug|Any CPU
		{D77E38AE-EFCA-4D0F-BA13-75238944E85D}.Release|Any CPU.ActiveCfg = Release|Any CPU
		{D77E38AE-EFCA-4D0F-BA13-75238944E85D}.Release|Any CPU.Build.0 = Release|Any CPU
		{03325300-9902-4958-86B4-0F3DBAFE8D7C}.Debug|Any CPU.ActiveCfg = Debug|Any CPU
		{03325300-9902-4958-86B4-0F3DBAFE8D7C}.Debug|Any CPU.Build.0 = Debug|Any CPU
		{03325300-9902-4958-86B4-0F3DBAFE8D7C}.Release|Any CPU.ActiveCfg = Release|Any CPU
		{03325300-9902-4958-86B4-0F3DBAFE8D7C}.Release|Any CPU.Build.0 = Release|Any CPU
		{E54E14D6-F648-41AA-8140-09C7768A7B44}.Debug|Any CPU.ActiveCfg = Debug|Any CPU
		{E54E14D6-F648-41AA-8140-09C7768A7B44}.Debug|Any CPU.Build.0 = Debug|Any CPU
		{E54E14D6-F648-41AA-8140-09C7768A7B44}.Release|Any CPU.ActiveCfg = Release|Any CPU
		{E54E14D6-F648-41AA-8140-09C7768A7B44}.Release|Any CPU.Build.0 = Release|Any CPU
		{55A06FE3-A8B7-4BE5-A08B-24FFAF3086C5}.Debug|Any CPU.ActiveCfg = Debug|Any CPU
		{55A06FE3-A8B7-4BE5-A08B-24FFAF3086C5}.Debug|Any CPU.Build.0 = Debug|Any CPU
		{55A06FE3-A8B7-4BE5-A08B-24FFAF3086C5}.Release|Any CPU.ActiveCfg = Release|Any CPU
		{55A06FE3-A8B7-4BE5-A08B-24FFAF3086C5}.Release|Any CPU.Build.0 = Release|Any CPU
		{1D6B9061-8B2A-413D-8381-6A1FCA773988}.Debug|Any CPU.ActiveCfg = Debug|Any CPU
		{1D6B9061-8B2A-413D-8381-6A1FCA773988}.Debug|Any CPU.Build.0 = Debug|Any CPU
		{1D6B9061-8B2A-413D-8381-6A1FCA773988}.Release|Any CPU.ActiveCfg = Release|Any CPU
		{1D6B9061-8B2A-413D-8381-6A1FCA773988}.Release|Any CPU.Build.0 = Release|Any CPU
	EndGlobalSection
	GlobalSection(SolutionProperties) = preSolution
		HideSolutionNode = FALSE
	EndGlobalSection
	GlobalSection(ExtensibilityGlobals) = postSolution
		SolutionGuid = {C417C60E-BEA3-47A9-A7B1-E404E1D0B40A}
	EndGlobalSection
EndGlobal
